
Microsoft Visual Studio Solution File, Format Version 12.00
# Visual Studio Version 17
VisualStudioVersion = 17.3.32929.385
MinimumVisualStudioVersion = 10.0.40219.1
Project("{FAE04EC0-301F-11D3-BF4B-00C04F79EFBC}") = "project 2", "project 2.csproj", "{254F0DEA-7A98-443D-A5F7-E5D0E729413B}"
EndProject
Global
	GlobalSection(SolutionConfigurationPlatforms) = preSolution
		Debug|Any CPU = Debug|Any CPU
		Release|Any CPU = Release|Any CPU
	EndGlobalSection
	GlobalSection(ProjectConfigurationPlatforms) = postSolution
		{254F0DEA-7A98-443D-A5F7-E5D0E729413B}.Debug|Any CPU.ActiveCfg = Debug|Any CPU
		{254F0DEA-7A98-443D-A5F7-E5D0E729413B}.Debug|Any CPU.Build.0 = Debug|Any CPU
		{254F0DEA-7A98-443D-A5F7-E5D0E729413B}.Release|Any CPU.ActiveCfg = Release|Any CPU
		{254F0DEA-7A98-443D-A5F7-E5D0E729413B}.Release|Any CPU.Build.0 = Release|Any CPU
	EndGlobalSection
	GlobalSection(SolutionProperties) = preSolution
		HideSolutionNode = FALSE
	EndGlobalSection
	GlobalSection(ExtensibilityGlobals) = postSolution
		SolutionGuid = {EE69980B-DE1D-465E-A8C7-3A9B15AEA880}
	EndGlobalSection
EndGlobal
